
Microsoft Visual Studio Solution File, Format Version 12.00
# Visual Studio 15
VisualStudioVersion = 15.0.28307.572
MinimumVisualStudioVersion = 10.0.40219.1
Project("{FAE04EC0-301F-11D3-BF4B-00C04F79EFBC}") = "进制转换", "进制转换\进制转换.csproj", "{482D7C21-A14B-48F0-9205-DF87E134E6DE}"
EndProject
Global
	GlobalSection(SolutionConfigurationPlatforms) = preSolution
		Debug|Any CPU = Debug|Any CPU
		Release|Any CPU = Release|Any CPU
	EndGlobalSection
	GlobalSection(ProjectConfigurationPlatforms) = postSolution
		{482D7C21-A14B-48F0-9205-DF87E134E6DE}.Debug|Any CPU.ActiveCfg = Debug|Any CPU
		{482D7C21-A14B-48F0-9205-DF87E134E6DE}.Debug|Any CPU.Build.0 = Debug|Any CPU
		{482D7C21-A14B-48F0-9205-DF87E134E6DE}.Release|Any CPU.ActiveCfg = Release|Any CPU
		{482D7C21-A14B-48F0-9205-DF87E134E6DE}.Release|Any CPU.Build.0 = Release|Any CPU
	EndGlobalSection
	GlobalSection(SolutionProperties) = preSolution
		HideSolutionNode = FALSE
	EndGlobalSection
	GlobalSection(ExtensibilityGlobals) = postSolution
		SolutionGuid = {209A83B4-882A-47BC-945D-AA171808C31C}
	EndGlobalSection
EndGlobal
